
Microsoft Visual Studio Solution File, Format Version 12.00
# Visual Studio Version 16
VisualStudioVersion = 25.0.1703.4
MinimumVisualStudioVersion = 10.0.40219.1
Project("{FAE04EC0-301F-11D3-BF4B-00C04F79EFBC}") = "TictacToe", "TictacToe\TictacToe.csproj", "{A49D839C-1B81-4751-8DBE-361B2AF5EDB4}"
EndProject
Global
	GlobalSection(SolutionConfigurationPlatforms) = preSolution
		Debug|Any CPU = Debug|Any CPU
		Release|Any CPU = Release|Any CPU
	EndGlobalSection
	GlobalSection(ProjectConfigurationPlatforms) = postSolution
		{A49D839C-1B81-4751-8DBE-361B2AF5EDB4}.Debug|Any CPU.ActiveCfg = Debug|Any CPU
		{A49D839C-1B81-4751-8DBE-361B2AF5EDB4}.Debug|Any CPU.Build.0 = Debug|Any CPU
		{A49D839C-1B81-4751-8DBE-361B2AF5EDB4}.Release|Any CPU.ActiveCfg = Release|Any CPU
		{A49D839C-1B81-4751-8DBE-361B2AF5EDB4}.Release|Any CPU.Build.0 = Release|Any CPU
	EndGlobalSection
	GlobalSection(SolutionProperties) = preSolution
		HideSolutionNode = FALSE
	EndGlobalSection
	GlobalSection(ExtensibilityGlobals) = postSolution
		SolutionGuid = {55D8EB9B-34E4-4DA8-9FE7-25D41869DBAE}
	EndGlobalSection
EndGlobal
